
Microsoft Visual Studio Solution File, Format Version 12.00
# Visual Studio Version 17
VisualStudioVersion = 17.4.33213.308
MinimumVisualStudioVersion = 10.0.40219.1
Project("{FAE04EC0-301F-11D3-BF4B-00C04F79EFBC}") = "Task13Subtask1", "Task13Subtask1\Task13Subtask1.csproj", "{3B1A6BF9-6506-49BD-A10B-81232882CFAA}"
EndProject
Global
	GlobalSection(SolutionConfigurationPlatforms) = preSolution
		Debug|Any CPU = Debug|Any CPU
		Release|Any CPU = Release|Any CPU
	EndGlobalSection
	GlobalSection(ProjectConfigurationPlatforms) = postSolution
		{3B1A6BF9-6506-49BD-A10B-81232882CFAA}.Debug|Any CPU.ActiveCfg = Debug|Any CPU
		{3B1A6BF9-6506-49BD-A10B-81232882CFAA}.Debug|Any CPU.Build.0 = Debug|Any CPU
		{3B1A6BF9-6506-49BD-A10B-81232882CFAA}.Release|Any CPU.ActiveCfg = Release|Any CPU
		{3B1A6BF9-6506-49BD-A10B-81232882CFAA}.Release|Any CPU.Build.0 = Release|Any CPU
	EndGlobalSection
	GlobalSection(SolutionProperties) = preSolution
		HideSolutionNode = FALSE
	EndGlobalSection
	GlobalSection(ExtensibilityGlobals) = postSolution
		SolutionGuid = {C6040BB3-6534-4055-A719-5987D74621DF}
	EndGlobalSection
EndGlobal
